PODS:
  - LRPopupMenu (1.0.3):
    - Masonry
    - SDWebImage
  - Masonry (1.1.0)
  - SDWebImage (5.2.5):
    - SDWebImage/Core (= 5.2.5)
  - SDWebImage/Core (5.2.5)

DEPENDENCIES:
  - LRPopupMenu (from `../`)

SPEC REPOS:
  trunk:
    - Masonry
    - SDWebImage

EXTERNAL SOURCES:
  LRPopupMenu:
    :path: "../"

SPEC CHECKSUMS:
  LRPopupMenu: 68f9d925dd4310228847c216c32ff9ff5bd27d75
  Masonry: 678fab65091a9290e40e2832a55e7ab731aad201
  SDWebImage: 4eabf2fa6695c95c47724214417a9c036c965e4a

PODFILE CHECKSUM: dc420283ad7b004e5a418ab8632f46c3ef010ef2

COCOAPODS: 1.8.4
