PODS:
  - LRPopupMenu (1.0.0):
    - SDWebImage
  - SDWebImage (5.2.5):
    - SDWebImage/Core (= 5.2.5)
  - SDWebImage/Core (5.2.5)

DEPENDENCIES:
  - LRPopupMenu (from `../`)

SPEC REPOS:
  trunk:
    - SDWebImage

EXTERNAL SOURCES:
  LRPopupMenu:
    :path: "../"

SPEC CHECKSUMS:
  LRPopupMenu: 491366497e0df8e10a789d3ef9d947bf014f5c4f
  SDWebImage: 4eabf2fa6695c95c47724214417a9c036c965e4a

PODFILE CHECKSUM: dc420283ad7b004e5a418ab8632f46c3ef010ef2

COCOAPODS: 1.8.4
